
Microsoft Visual Studio Solution File, Format Version 12.00
# Visual Studio Version 16
VisualStudioVersion = 16.0.29911.84
MinimumVisualStudioVersion = 10.0.40219.1
Project("{FAE04EC0-301F-11D3-BF4B-00C04F79EFBC}") = "NewSoftware", "NewSoftware\NewSoftware.csproj", "{19C242FE-6C48-46DC-A483-2DA74A59764F}"
EndProject
Global
	GlobalSection(SolutionConfigurationPlatforms) = preSolution
		Debug|Any CPU = Debug|Any CPU
		Release|Any CPU = Release|Any CPU
	EndGlobalSection
	GlobalSection(ProjectConfigurationPlatforms) = postSolution
		{19C242FE-6C48-46DC-A483-2DA74A59764F}.Debug|Any CPU.ActiveCfg = Debug|Any CPU
		{19C242FE-6C48-46DC-A483-2DA74A59764F}.Debug|Any CPU.Build.0 = Debug|Any CPU
		{19C242FE-6C48-46DC-A483-2DA74A59764F}.Release|Any CPU.ActiveCfg = Release|Any CPU
		{19C242FE-6C48-46DC-A483-2DA74A59764F}.Release|Any CPU.Build.0 = Release|Any CPU
	EndGlobalSection
	GlobalSection(SolutionProperties) = preSolution
		HideSolutionNode = FALSE
	EndGlobalSection
	GlobalSection(ExtensibilityGlobals) = postSolution
		SolutionGuid = {357B75BF-5619-4E75-A846-2F203BD3CBE4}
	EndGlobalSection
EndGlobal
